
Microsoft Visual Studio Solution File, Format Version 12.00
# Visual Studio Version 16
VisualStudioVersion = 16.0.31729.503
MinimumVisualStudioVersion = 10.0.40219.1
Project("{FAE04EC0-301F-11D3-BF4B-00C04F79EFBC}") = "YackYack", "YackYack.csproj", "{4BA03833-6F53-4F35-BD92-7B8C7F77D776}"
EndProject
Global
	GlobalSection(SolutionConfigurationPlatforms) = preSolution
		Debug|Any CPU = Debug|Any CPU
		Release|Any CPU = Release|Any CPU
	EndGlobalSection
	GlobalSection(ProjectConfigurationPlatforms) = postSolution
		{4BA03833-6F53-4F35-BD92-7B8C7F77D776}.Debug|Any CPU.ActiveCfg = Debug|Any CPU
		{4BA03833-6F53-4F35-BD92-7B8C7F77D776}.Debug|Any CPU.Build.0 = Debug|Any CPU
		{4BA03833-6F53-4F35-BD92-7B8C7F77D776}.Release|Any CPU.ActiveCfg = Release|Any CPU
		{4BA03833-6F53-4F35-BD92-7B8C7F77D776}.Release|Any CPU.Build.0 = Release|Any CPU
	EndGlobalSection
	GlobalSection(SolutionProperties) = preSolution
		HideSolutionNode = FALSE
	EndGlobalSection
	GlobalSection(ExtensibilityGlobals) = postSolution
		SolutionGuid = {5529916C-265D-4CB4-A0A6-E8E786C77912}
	EndGlobalSection
EndGlobal
